{
    "version": 3,
    "terraform_version": "0.11.8",
    "serial": 49,
    "lineage": "71254cdf-8645-573c-845a-b5a3f7694588",
    "modules": [
        {
            "path": [
                "root"
            ],
            "outputs": {},
            "resources": {
                "aws_instance.wordpress": {
                    "type": "aws_instance",
                    "depends_on": [
                        "aws_security_group.wordpress_security_group"
                    ],
                    "primary": {
                        "id": "i-07e1e15e0387653d9",
                        "attributes": {
                            "ami": "ami-0dde0d915765e8fac",
                            "arn": "arn:aws:ec2:us-east-1:400006646297:instance/i-07e1e15e0387653d9",
                            "associate_public_ip_address": "true",
                            "availability_zone": "us-east-1d",
                            "cpu_core_count": "1",
                            "cpu_threads_per_core": "1",
                            "credit_specification.#": "1",
                            "credit_specification.0.cpu_credits": "standard",
                            "disable_api_termination": "false",
                            "ebs_block_device.#": "0",
                            "ebs_optimized": "false",
                            "ephemeral_block_device.#": "0",
                            "get_password_data": "false",
                            "iam_instance_profile": "",
                            "id": "i-07e1e15e0387653d9",
                            "instance_state": "running",
                            "instance_type": "t2.micro",
                            "ipv6_addresses.#": "0",
                            "key_name": "Assessment",
                            "monitoring": "false",
                            "network_interface.#": "0",
                            "network_interface_id": "eni-08f1c7434b9726e92",
                            "password_data": "",
                            "placement_group": "",
                            "primary_network_interface_id": "eni-08f1c7434b9726e92",
                            "private_dns": "ip-172-31-89-187.ec2.internal",
                            "private_ip": "172.31.89.187",
                            "public_dns": "ec2-18-212-53-183.compute-1.amazonaws.com",
                            "public_ip": "18.212.53.183",
                            "root_block_device.#": "1",
                            "root_block_device.0.delete_on_termination": "false",
                            "root_block_device.0.iops": "0",
                            "root_block_device.0.volume_id": "vol-0a7879c83f1482096",
                            "root_block_device.0.volume_size": "40",
                            "root_block_device.0.volume_type": "standard",
                            "security_groups.#": "1",
                            "security_groups.2079205505": "wordpress_security_group",
                            "source_dest_check": "true",
                            "subnet_id": "subnet-91da7fbf",
                            "tags.%": "1",
                            "tags.Name": "Wordpress Server",
                            "tenancy": "default",
                            "volume_tags.%": "0",
                            "vpc_security_group_ids.#": "1",
                            "vpc_security_group_ids.1684843372": "sg-0412a9ff346249ecc"
                        },
                        "meta": {
                            "e2bfb730-ecaa-11e6-8f88-34363bc7c4c0": {
                                "create": 600000000000,
                                "delete": 1200000000000,
                                "update": 600000000000
                            },
                            "schema_version": "1"
                        },
                        "tainted": true
                    },
                    "deposed": [],
                    "provider": "provider.aws"
                },
                "aws_security_group.wordpress_security_group": {
                    "type": "aws_security_group",
                    "depends_on": [],
                    "primary": {
                        "id": "sg-0412a9ff346249ecc",
                        "attributes": {
                            "arn": "arn:aws:ec2:us-east-1:400006646297:security-group/sg-0412a9ff346249ecc",
                            "description": "control access to the wordpress server",
                            "egress.#": "0",
                            "id": "sg-0412a9ff346249ecc",
                            "ingress.#": "0",
                            "name": "wordpress_security_group",
                            "owner_id": "400006646297",
                            "revoke_rules_on_delete": "false",
                            "tags.%": "0",
                            "vpc_id": "vpc-1bf01061"
                        },
                        "meta": {
                            "e2bfb730-ecaa-11e6-8f88-34363bc7c4c0": {
                                "create": 600000000000,
                                "delete": 600000000000
                            },
                            "schema_version": "1"
                        },
                        "tainted": false
                    },
                    "deposed": [],
                    "provider": "provider.aws"
                },
                "aws_security_group_rule.egress_reply": {
                    "type": "aws_security_group_rule",
                    "depends_on": [
                        "aws_security_group.wordpress_security_group"
                    ],
                    "primary": {
                        "id": "sgrule-152105885",
                        "attributes": {
                            "cidr_blocks.#": "1",
                            "cidr_blocks.0": "0.0.0.0/0",
                            "from_port": "0",
                            "id": "sgrule-152105885",
                            "protocol": "-1",
                            "security_group_id": "sg-0412a9ff346249ecc",
                            "self": "false",
                            "to_port": "0",
                            "type": "egress"
                        },
                        "meta": {
                            "schema_version": "2"
                        },
                        "tainted": false
                    },
                    "deposed": [],
                    "provider": "provider.aws"
                },
                "aws_security_group_rule.ingress_http": {
                    "type": "aws_security_group_rule",
                    "depends_on": [
                        "aws_security_group.wordpress_security_group"
                    ],
                    "primary": {
                        "id": "sgrule-337028533",
                        "attributes": {
                            "cidr_blocks.#": "1",
                            "cidr_blocks.0": "0.0.0.0/0",
                            "from_port": "80",
                            "id": "sgrule-337028533",
                            "protocol": "tcp",
                            "security_group_id": "sg-0412a9ff346249ecc",
                            "self": "false",
                            "to_port": "80",
                            "type": "ingress"
                        },
                        "meta": {
                            "schema_version": "2"
                        },
                        "tainted": false
                    },
                    "deposed": [],
                    "provider": "provider.aws"
                },
                "aws_security_group_rule.ingress_reply": {
                    "type": "aws_security_group_rule",
                    "depends_on": [
                        "aws_security_group.wordpress_security_group"
                    ],
                    "primary": {
                        "id": "sgrule-2127369916",
                        "attributes": {
                            "cidr_blocks.#": "1",
                            "cidr_blocks.0": "0.0.0.0/0",
                            "from_port": "1024",
                            "id": "sgrule-2127369916",
                            "protocol": "tcp",
                            "security_group_id": "sg-0412a9ff346249ecc",
                            "self": "false",
                            "to_port": "65535",
                            "type": "ingress"
                        },
                        "meta": {
                            "schema_version": "2"
                        },
                        "tainted": false
                    },
                    "deposed": [],
                    "provider": "provider.aws"
                },
                "aws_security_group_rule.ingress_ssh": {
                    "type": "aws_security_group_rule",
                    "depends_on": [
                        "aws_security_group.wordpress_security_group"
                    ],
                    "primary": {
                        "id": "sgrule-2728196096",
                        "attributes": {
                            "cidr_blocks.#": "1",
                            "cidr_blocks.0": "0.0.0.0/0",
                            "from_port": "22",
                            "id": "sgrule-2728196096",
                            "protocol": "tcp",
                            "security_group_id": "sg-0412a9ff346249ecc",
                            "self": "false",
                            "to_port": "22",
                            "type": "ingress"
                        },
                        "meta": {
                            "schema_version": "2"
                        },
                        "tainted": false
                    },
                    "deposed": [],
                    "provider": "provider.aws"
                }
            },
            "depends_on": []
        }
    ]
}
